
Microsoft Visual Studio Solution File, Format Version 12.00
# Visual Studio 14
VisualStudioVersion = 14.0.23107.0
MinimumVisualStudioVersion = 10.0.40219.1
Project("{8BC9CEB8-8B4A-11D0-8D11-00A0C91BC942}") = "Zy_DL_ForBroken", "Zy_DL_ForBroken\Zy_DL_ForBroken.vcxproj", "{281B502C-4050-42CB-8CD0-2E8209FDBF91}"
EndProject
Project("{8BC9CEB8-8B4A-11D0-8D11-00A0C91BC942}") = "Batch_Test", "Batch_Test\Batch_Test.vcxproj", "{45B44001-66B4-4AC5-B0C0-A79C77251C33}"
EndProject
Global
	GlobalSection(SolutionConfigurationPlatforms) = preSolution
		Debug|x64 = Debug|x64
		Debug|x86 = Debug|x86
		Release|x64 = Release|x64
		Release|x86 = Release|x86
	EndGlobalSection
	GlobalSection(ProjectConfigurationPlatforms) = postSolution
		{281B502C-4050-42CB-8CD0-2E8209FDBF91}.Debug|x64.ActiveCfg = Debug|x64
		{281B502C-4050-42CB-8CD0-2E8209FDBF91}.Debug|x64.Build.0 = Debug|x64
		{281B502C-4050-42CB-8CD0-2E8209FDBF91}.Debug|x86.ActiveCfg = Debug|Win32
		{281B502C-4050-42CB-8CD0-2E8209FDBF91}.Debug|x86.Build.0 = Debug|Win32
		{281B502C-4050-42CB-8CD0-2E8209FDBF91}.Release|x64.ActiveCfg = Release|x64
		{281B502C-4050-42CB-8CD0-2E8209FDBF91}.Release|x64.Build.0 = Release|x64
		{281B502C-4050-42CB-8CD0-2E8209FDBF91}.Release|x86.ActiveCfg = Release|Win32
		{281B502C-4050-42CB-8CD0-2E8209FDBF91}.Release|x86.Build.0 = Release|Win32
		{45B44001-66B4-4AC5-B0C0-A79C77251C33}.Debug|x64.ActiveCfg = Debug|x64
		{45B44001-66B4-4AC5-B0C0-A79C77251C33}.Debug|x64.Build.0 = Debug|x64
		{45B44001-66B4-4AC5-B0C0-A79C77251C33}.Debug|x86.ActiveCfg = Debug|Win32
		{45B44001-66B4-4AC5-B0C0-A79C77251C33}.Debug|x86.Build.0 = Debug|Win32
		{45B44001-66B4-4AC5-B0C0-A79C77251C33}.Release|x64.ActiveCfg = Release|x64
		{45B44001-66B4-4AC5-B0C0-A79C77251C33}.Release|x64.Build.0 = Release|x64
		{45B44001-66B4-4AC5-B0C0-A79C77251C33}.Release|x86.ActiveCfg = Release|Win32
		{45B44001-66B4-4AC5-B0C0-A79C77251C33}.Release|x86.Build.0 = Release|Win32
	EndGlobalSection
	GlobalSection(SolutionProperties) = preSolution
		HideSolutionNode = FALSE
	EndGlobalSection
EndGlobal
